<?xml version="1.0" encoding="utf-8"?>
<Project ToolsVersion="4.0" xmlns="http://schemas.microsoft.com/developer/msbuild/2003">
  <ItemGroup>
    <Filter Include="源文件">
      <UniqueIdentifier>{4FC737F1-C7A5-4376-A066-2A32D752A2FF}</UniqueIdentifier>
      <Extensions>cpp;c;cc;cxx;def;odl;idl;hpj;bat;asm;asmx</Extensions>
    </Filter>
    <Filter Include="头文件">
      <UniqueIdentifier>{93995380-89BD-4b04-88EB-625FBE52EBFB}</UniqueIdentifier>
      <Extensions>h;hh;hpp;hxx;hm;inl;inc;xsd</Extensions>
    </Filter>
    <Filter Include="资源文件">
      <UniqueIdentifier>{67DA6AB6-F800-4c08-8B7A-83BB121AAD01}</UniqueIdentifier>
      <Extensions>rc;ico;cur;bmp;dlg;rc2;rct;bin;rgs;gif;jpg;jpeg;jpe;resx;tiff;tif;png;wav;mfcribbon-ms</Extensions>
    </Filter>
  </ItemGroup>
  <ItemGroup>
    <Text Include="ReadMe.txt" />
  </ItemGroup>
  <ItemGroup>
    <ClInclude Include="stdafx.h">
      <Filter>头文件</Filter>
    </ClInclude>
    <ClInclude Include="targetver.h">
      <Filter>头文件</Filter>
    </ClInclude>
    <ClInclude Include="TwoSum.h">
      <Filter>头文件</Filter>
    </ClInclude>
    <ClInclude Include="AddTwoNumbers.h">
      <Filter>头文件</Filter>
    </ClInclude>
    <ClInclude Include="ThreeSum.h">
      <Filter>头文件</Filter>
    </ClInclude>
    <ClInclude Include="ThreeSumClosest.h">
      <Filter>头文件</Filter>
    </ClInclude>
    <ClInclude Include="LetterCombinationsOfPhoneNumber.h">
      <Filter>头文件</Filter>
    </ClInclude>
    <ClInclude Include="resource.h">
      <Filter>头文件</Filter>
    </ClInclude>
    <ClInclude Include="FourSum.h">
      <Filter>头文件</Filter>
    </ClInclude>
    <ClInclude Include="RemoveNthFromEnd.h">
      <Filter>头文件</Filter>
    </ClInclude>
    <ClInclude Include="ValidParentheses.h">
      <Filter>头文件</Filter>
    </ClInclude>
    <ClInclude Include="MergeTwoSortedLists.h">
      <Filter>头文件</Filter>
    </ClInclude>
    <ClInclude Include="GenerateParentheses.h">
      <Filter>头文件</Filter>
    </ClInclude>
    <ClInclude Include="MergeKSortedLists.h">
      <Filter>头文件</Filter>
    </ClInclude>
    <ClInclude Include="SwapNodesInPairs.h">
      <Filter>头文件</Filter>
    </ClInclude>
    <ClInclude Include="ReverseNodesInKGroup.h">
      <Filter>头文件</Filter>
    </ClInclude>
    <ClInclude Include="RemoveDuplicatesFromSortedArray.h">
      <Filter>头文件</Filter>
    </ClInclude>
    <ClInclude Include="RemoveElement.h">
      <Filter>头文件</Filter>
    </ClInclude>
    <ClInclude Include="ImplementStrStr.h">
      <Filter>头文件</Filter>
    </ClInclude>
    <ClInclude Include="DivideTwoIntegers.h">
      <Filter>头文件</Filter>
    </ClInclude>
    <ClInclude Include="SubstringWithConcatenation.h">
      <Filter>头文件</Filter>
    </ClInclude>
    <ClInclude Include="NextPermutation.h">
      <Filter>头文件</Filter>
    </ClInclude>
    <ClInclude Include="LongestValidParentheses.h">
      <Filter>头文件</Filter>
    </ClInclude>
    <ClInclude Include="SearchRotatedSortedArray.h">
      <Filter>头文件</Filter>
    </ClInclude>
    <ClInclude Include="FindFirstandLastPositionofElementinSortedArray.h">
      <Filter>头文件</Filter>
    </ClInclude>
    <ClInclude Include="SearchInsertPosition.h">
      <Filter>头文件</Filter>
    </ClInclude>
    <ClInclude Include="ValidSudoku.h">
      <Filter>头文件</Filter>
    </ClInclude>
    <ClInclude Include="SudokuSolver.h">
      <Filter>头文件</Filter>
    </ClInclude>
    <ClInclude Include="CoinChange.h">
      <Filter>头文件</Filter>
    </ClInclude>
    <ClInclude Include="PartitionEqualSubsetSum.h">
      <Filter>头文件</Filter>
    </ClInclude>
    <ClInclude Include="OnesAndZeros.h">
      <Filter>头文件</Filter>
    </ClInclude>
  </ItemGroup>
  <ItemGroup>
    <ClCompile Include="stdafx.cpp">
      <Filter>源文件</Filter>
    </ClCompile>
    <ClCompile Include="leetcode.cpp">
      <Filter>源文件</Filter>
    </ClCompile>
    <ClCompile Include="TwoSum.cpp">
      <Filter>源文件</Filter>
    </ClCompile>
    <ClCompile Include="AddTwoNumbers.cpp">
      <Filter>源文件</Filter>
    </ClCompile>
    <ClCompile Include="ThreeSum.cpp">
      <Filter>源文件</Filter>
    </ClCompile>
    <ClCompile Include="ThreeSumClosest.cpp">
      <Filter>源文件</Filter>
    </ClCompile>
    <ClCompile Include="LetterCombinationsOfPhoneNumber.cpp">
      <Filter>源文件</Filter>
    </ClCompile>
    <ClCompile Include="FourSum.cpp">
      <Filter>源文件</Filter>
    </ClCompile>
    <ClCompile Include="RemoveNthFromEnd.cpp">
      <Filter>源文件</Filter>
    </ClCompile>
    <ClCompile Include="ValidParentheses.cpp">
      <Filter>源文件</Filter>
    </ClCompile>
    <ClCompile Include="MergeTwoSortedLists.cpp">
      <Filter>源文件</Filter>
    </ClCompile>
    <ClCompile Include="GenerateParentheses.cpp">
      <Filter>源文件</Filter>
    </ClCompile>
    <ClCompile Include="MergeKSortedLists.cpp">
      <Filter>源文件</Filter>
    </ClCompile>
    <ClCompile Include="SwapNodesInPairs.cpp">
      <Filter>源文件</Filter>
    </ClCompile>
    <ClCompile Include="ReverseNodesInKGroup.cpp">
      <Filter>源文件</Filter>
    </ClCompile>
    <ClCompile Include="RemoveDuplicatesFromSortedArray.cpp">
      <Filter>源文件</Filter>
    </ClCompile>
    <ClCompile Include="RemoveElement.cpp">
      <Filter>源文件</Filter>
    </ClCompile>
    <ClCompile Include="ImplementStrStr.cpp">
      <Filter>源文件</Filter>
    </ClCompile>
    <ClCompile Include="DivideTwoIntegers.cpp">
      <Filter>源文件</Filter>
    </ClCompile>
    <ClCompile Include="SubstringWithConcatenation.cpp">
      <Filter>源文件</Filter>
    </ClCompile>
    <ClCompile Include="NextPermutation.cpp">
      <Filter>源文件</Filter>
    </ClCompile>
    <ClCompile Include="LongestValidParentheses.cpp">
      <Filter>源文件</Filter>
    </ClCompile>
    <ClCompile Include="SearchRotatedSortedArray.cpp">
      <Filter>源文件</Filter>
    </ClCompile>
    <ClCompile Include="FindFirstandLastPositionofElementinSortedArray.cpp">
      <Filter>源文件</Filter>
    </ClCompile>
    <ClCompile Include="SearchInsertPosition.cpp">
      <Filter>源文件</Filter>
    </ClCompile>
    <ClCompile Include="ValidSudoku.cpp">
      <Filter>源文件</Filter>
    </ClCompile>
    <ClCompile Include="SudokuSolver.cpp">
      <Filter>源文件</Filter>
    </ClCompile>
    <ClCompile Include="CoinChange.cpp">
      <Filter>源文件</Filter>
    </ClCompile>
    <ClCompile Include="PartitionEqualSubsetSum.cpp">
      <Filter>源文件</Filter>
    </ClCompile>
    <ClCompile Include="OnesAndZeros.cpp">
      <Filter>源文件</Filter>
    </ClCompile>
  </ItemGroup>
  <ItemGroup>
    <ResourceCompile Include="leetcode.rc">
      <Filter>资源文件</Filter>
    </ResourceCompile>
  </ItemGroup>
</Project>